
Microsoft Visual Studio Solution File, Format Version 12.00
# Visual Studio Version 17
VisualStudioVersion = 17.7.34031.279
MinimumVisualStudioVersion = 10.0.40219.1
Project("{9A19103F-16F7-4668-BE54-9A1E7A4F7556}") = "EmguCVDemo", "EmguCVDemo.csproj", "{DBEA5D7A-C58F-4BAC-9619-725B724EDAF0}"
EndProject
Project("{FAE04EC0-301F-11D3-BF4B-00C04F79EFBC}") = "EmguCVDemoOnWPF", "..\EmguCVDemoOnWPF\EmguCVDemoOnWPF.csproj", "{71FC5EE6-ADB5-444A-B62F-0D7610241835}"
EndProject
Global
	GlobalSection(SolutionConfigurationPlatforms) = preSolution
		Debug|Any CPU = Debug|Any CPU
		Release|Any CPU = Release|Any CPU
	EndGlobalSection
	GlobalSection(ProjectConfigurationPlatforms) = postSolution
		{DBEA5D7A-C58F-4BAC-9619-725B724EDAF0}.Debug|Any CPU.ActiveCfg = Debug|Any CPU
		{DBEA5D7A-C58F-4BAC-9619-725B724EDAF0}.Debug|Any CPU.Build.0 = Debug|Any CPU
		{DBEA5D7A-C58F-4BAC-9619-725B724EDAF0}.Release|Any CPU.ActiveCfg = Release|Any CPU
		{DBEA5D7A-C58F-4BAC-9619-725B724EDAF0}.Release|Any CPU.Build.0 = Release|Any CPU
		{71FC5EE6-ADB5-444A-B62F-0D7610241835}.Debug|Any CPU.ActiveCfg = Debug|Any CPU
		{71FC5EE6-ADB5-444A-B62F-0D7610241835}.Debug|Any CPU.Build.0 = Debug|Any CPU
		{71FC5EE6-ADB5-444A-B62F-0D7610241835}.Release|Any CPU.ActiveCfg = Release|Any CPU
		{71FC5EE6-ADB5-444A-B62F-0D7610241835}.Release|Any CPU.Build.0 = Release|Any CPU
	EndGlobalSection
	GlobalSection(SolutionProperties) = preSolution
		HideSolutionNode = FALSE
	EndGlobalSection
	GlobalSection(ExtensibilityGlobals) = postSolution
		SolutionGuid = {000BAC3D-FBE3-45C3-B16B-5F653B66A70D}
	EndGlobalSection
EndGlobal
